// !$*UTF8*$!
{
	archiveVersion = 1;
	classes = {
	};
	objectVersion = 77;
	objects = {

/* Begin PBXBuildFile section */
		EB64724D2E5A1138000D19F7 /* Assets.xcassets in Resources */ = {isa = PBXBuildFile; fileRef = EB64724C2E5A1138000D19F7 /* Assets.xcassets */; };
		EB9BF0482E5A213E0049F1C3 /* ContentView.swift in Sources */ = {isa = PBXBuildFile; fileRef = EB9BF0472E5A213E0049F1C3 /* ContentView.swift */; };
		EB9BF04C2E5A22660049F1C3 /* VocabWord.swift in Sources */ = {isa = PBXBuildFile; fileRef = EB9BF04B2E5A22660049F1C3 /* VocabWord.swift */; };
		EB9BF0502E5A22C70049F1C3 /* HomeView.swift in Sources */ = {isa = PBXBuildFile; fileRef = EB9BF04F2E5A22C70049F1C3 /* HomeView.swift */; };
		EB9BF0522E5A22EA0049F1C3 /* WordTrainerView.swift in Sources */ = {isa = PBXBuildFile; fileRef = EB9BF0512E5A22EA0049F1C3 /* WordTrainerView.swift */; };
		EB9BF0542E5A23020049F1C3 /* WordTrainerViewModel.swift in Sources */ = {isa = PBXBuildFile; fileRef = EB9BF0532E5A23020049F1C3 /* WordTrainerViewModel.swift */; };
		EB9BF0562E5A23110049F1C3 /* ProgressStore.swift in Sources */ = {isa = PBXBuildFile; fileRef = EB9BF0552E5A23110049F1C3 /* ProgressStore.swift */; };
		EB9BF0582E5A23430049F1C3 /* Resources: wordset_fr_ja.json in Resources */ = {isa = PBXBuildFile; fileRef = EB9BF0572E5A23430049F1C3 /* Resources: wordset_fr_ja.json */; };
		EB9BF05B2E5A23990049F1C3 /* FrenchLearningApp.swift in Sources */ = {isa = PBXBuildFile; fileRef = EB9BF05A2E5A23990049F1C3 /* FrenchLearningApp.swift */; };
		EB9BF0622E5AE45D0049F1C3 /* SettingsView.swift in Sources */ = {isa = PBXBuildFile; fileRef = EB9BF0612E5AE45D0049F1C3 /* SettingsView.swift */; };
		EB9BF0642E5AE49D0049F1C3 /* ProofreadResult.swift in Sources */ = {isa = PBXBuildFile; fileRef = EB9BF0632E5AE49D0049F1C3 /* ProofreadResult.swift */; };
		EB9BF0662E5AE4CC0049F1C3 /* ProofreadViewModel.swift in Sources */ = {isa = PBXBuildFile; fileRef = EB9BF0652E5AE4CC0049F1C3 /* ProofreadViewModel.swift */; };
		EB9BF0682E5AE4E90049F1C3 /* ProofreadView.swift in Sources */ = {isa = PBXBuildFile; fileRef = EB9BF0672E5AE4E90049F1C3 /* ProofreadView.swift */; };
		EB9BF06A2E5AE7E20049F1C3 /* OpenAIClient.swift in Sources */ = {isa = PBXBuildFile; fileRef = EB9BF0692E5AE7E20049F1C3 /* OpenAIClient.swift */; };
		EB9BF06C2E5AFA170049F1C3 /* DiffHighlighter.swift in Sources */ = {isa = PBXBuildFile; fileRef = EB9BF06B2E5AFA170049F1C3 /* DiffHighlighter.swift */; };
/* End PBXBuildFile section */

/* Begin PBXContainerItemProxy section */
		EB6472532E5A1138000D19F7 /* PBXContainerItemProxy */ = {
			isa = PBXContainerItemProxy;
			containerPortal = EB64723D2E5A1136000D19F7 /* Project object */;
			proxyType = 1;
			remoteGlobalIDString = EB6472442E5A1136000D19F7;
			remoteInfo = FrenchLearning;
		};
		EB64725D2E5A1138000D19F7 /* PBXContainerItemProxy */ = {
			isa = PBXContainerItemProxy;
			containerPortal = EB64723D2E5A1136000D19F7 /* Project object */;
			proxyType = 1;
			remoteGlobalIDString = EB6472442E5A1136000D19F7;
			remoteInfo = FrenchLearning;
		};
/* End PBXContainerItemProxy section */

/* Begin PBXFileReference section */
		EB6472452E5A1136000D19F7 /* FrenchLearning.app */ = {isa = PBXFileReference; explicitFileType = wrapper.application; includeInIndex = 0; path = FrenchLearning.app; sourceTree = BUILT_PRODUCTS_DIR; };
		EB64724C2E5A1138000D19F7 /* Assets.xcassets */ = {isa = PBXFileReference; lastKnownFileType = folder.assetcatalog; path = Assets.xcassets; sourceTree = "<group>"; };
		EB6472522E5A1138000D19F7 /* FrenchLearningTests.xctest */ = {isa = PBXFileReference; explicitFileType = wrapper.cfbundle; includeInIndex = 0; path = FrenchLearningTests.xctest; sourceTree = BUILT_PRODUCTS_DIR; };
		EB64725C2E5A1138000D19F7 /* FrenchLearningUITests.xctest */ = {isa = PBXFileReference; explicitFileType = wrapper.cfbundle; includeInIndex = 0; path = FrenchLearningUITests.xctest; sourceTree = BUILT_PRODUCTS_DIR; };
		EB9BF0442E5A21120049F1C3 /* FrenchLearning-Bridging-Header.h */ = {isa = PBXFileReference; lastKnownFileType = sourcecode.c.h; path = "FrenchLearning-Bridging-Header.h"; sourceTree = "<group>"; };
		EB9BF0472E5A213E0049F1C3 /* ContentView.swift */ = {isa = PBXFileReference; lastKnownFileType = sourcecode.swift; path = ContentView.swift; sourceTree = "<group>"; };
		EB9BF04B2E5A22660049F1C3 /* VocabWord.swift */ = {isa = PBXFileReference; lastKnownFileType = sourcecode.swift; path = VocabWord.swift; sourceTree = "<group>"; };
		EB9BF04F2E5A22C70049F1C3 /* HomeView.swift */ = {isa = PBXFileReference; lastKnownFileType = sourcecode.swift; path = HomeView.swift; sourceTree = "<group>"; };
		EB9BF0512E5A22EA0049F1C3 /* WordTrainerView.swift */ = {isa = PBXFileReference; lastKnownFileType = sourcecode.swift; path = WordTrainerView.swift; sourceTree = "<group>"; };
		EB9BF0532E5A23020049F1C3 /* WordTrainerViewModel.swift */ = {isa = PBXFileReference; lastKnownFileType = sourcecode.swift; path = WordTrainerViewModel.swift; sourceTree = "<group>"; };
		EB9BF0552E5A23110049F1C3 /* ProgressStore.swift */ = {isa = PBXFileReference; lastKnownFileType = sourcecode.swift; path = ProgressStore.swift; sourceTree = "<group>"; };
		EB9BF0572E5A23430049F1C3 /* Resources: wordset_fr_ja.json */ = {isa = PBXFileReference; lastKnownFileType = text.json; path = "Resources: wordset_fr_ja.json"; sourceTree = "<group>"; };
		EB9BF05A2E5A23990049F1C3 /* FrenchLearningApp.swift */ = {isa = PBXFileReference; lastKnownFileType = sourcecode.swift; path = FrenchLearningApp.swift; sourceTree = "<group>"; };
		EB9BF0612E5AE45D0049F1C3 /* SettingsView.swift */ = {isa = PBXFileReference; lastKnownFileType = sourcecode.swift; path = SettingsView.swift; sourceTree = "<group>"; };
		EB9BF0632E5AE49D0049F1C3 /* ProofreadResult.swift */ = {isa = PBXFileReference; lastKnownFileType = sourcecode.swift; path = ProofreadResult.swift; sourceTree = "<group>"; };
		EB9BF0652E5AE4CC0049F1C3 /* ProofreadViewModel.swift */ = {isa = PBXFileReference; lastKnownFileType = sourcecode.swift; path = ProofreadViewModel.swift; sourceTree = "<group>"; };
		EB9BF0672E5AE4E90049F1C3 /* ProofreadView.swift */ = {isa = PBXFileReference; lastKnownFileType = sourcecode.swift; path = ProofreadView.swift; sourceTree = "<group>"; };
		EB9BF0692E5AE7E20049F1C3 /* OpenAIClient.swift */ = {isa = PBXFileReference; lastKnownFileType = sourcecode.swift; path = OpenAIClient.swift; sourceTree = "<group>"; };
		EB9BF06B2E5AFA170049F1C3 /* DiffHighlighter.swift */ = {isa = PBXFileReference; lastKnownFileType = sourcecode.swift; path = DiffHighlighter.swift; sourceTree = "<group>"; };
/* End PBXFileReference section */

/* Begin PBXFileSystemSynchronizedRootGroup section */
		EB6472552E5A1138000D19F7 /* FrenchLearningTests */ = {
			isa = PBXFileSystemSynchronizedRootGroup;
			path = FrenchLearningTests;
			sourceTree = "<group>";
		};
		EB64725F2E5A1138000D19F7 /* FrenchLearningUITests */ = {
			isa = PBXFileSystemSynchronizedRootGroup;
			path = FrenchLearningUITests;
			sourceTree = "<group>";
		};
/* End PBXFileSystemSynchronizedRootGroup section */

/* Begin PBXFrameworksBuildPhase section */
		EB6472422E5A1136000D19F7 /* Frameworks */ = {
			isa = PBXFrameworksBuildPhase;
			buildActionMask = 2147483647;
			files = (
			);
			runOnlyForDeploymentPostprocessing = 0;
		};
		EB64724F2E5A1138000D19F7 /* Frameworks */ = {
			isa = PBXFrameworksBuildPhase;
			buildActionMask = 2147483647;
			files = (
			);
			runOnlyForDeploymentPostprocessing = 0;
		};
		EB6472592E5A1138000D19F7 /* Frameworks */ = {
			isa = PBXFrameworksBuildPhase;
			buildActionMask = 2147483647;
			files = (
			);
			runOnlyForDeploymentPostprocessing = 0;
		};
/* End PBXFrameworksBuildPhase section */

/* Begin PBXGroup section */
		EB64723C2E5A1136000D19F7 = {
			isa = PBXGroup;
			children = (
				EB9BF05F2E5A24050049F1C3 /* Resources */,
				EB9BF05E2E5A23F20049F1C3 /* Service */,
				EB9BF05D2E5A23CF0049F1C3 /* Words */,
				EB9BF05C2E5A23A70049F1C3 /* Features */,
				EB9BF0592E5A23510049F1C3 /* App */,
				EB9BF0472E5A213E0049F1C3 /* ContentView.swift */,
				EB64724C2E5A1138000D19F7 /* Assets.xcassets */,
				EB6472552E5A1138000D19F7 /* FrenchLearningTests */,
				EB64725F2E5A1138000D19F7 /* FrenchLearningUITests */,
				EB6472462E5A1136000D19F7 /* Products */,
				EB9BF0442E5A21120049F1C3 /* FrenchLearning-Bridging-Header.h */,
			);
			sourceTree = "<group>";
		};
		EB6472462E5A1136000D19F7 /* Products */ = {
			isa = PBXGroup;
			children = (
				EB6472452E5A1136000D19F7 /* FrenchLearning.app */,
				EB6472522E5A1138000D19F7 /* FrenchLearningTests.xctest */,
				EB64725C2E5A1138000D19F7 /* FrenchLearningUITests.xctest */,
			);
			name = Products;
			sourceTree = "<group>";
		};
		EB9BF0592E5A23510049F1C3 /* App */ = {
			isa = PBXGroup;
			children = (
				EB9BF05A2E5A23990049F1C3 /* FrenchLearningApp.swift */,
			);
			path = App;
			sourceTree = "<group>";
		};
		EB9BF05C2E5A23A70049F1C3 /* Features */ = {
			isa = PBXGroup;
			children = (
				EB9BF04F2E5A22C70049F1C3 /* HomeView.swift */,
				EB9BF0612E5AE45D0049F1C3 /* SettingsView.swift */,
				EB9BF0632E5AE49D0049F1C3 /* ProofreadResult.swift */,
				EB9BF0652E5AE4CC0049F1C3 /* ProofreadViewModel.swift */,
				EB9BF0672E5AE4E90049F1C3 /* ProofreadView.swift */,
			);
			path = Features;
			sourceTree = "<group>";
		};
		EB9BF05D2E5A23CF0049F1C3 /* Words */ = {
			isa = PBXGroup;
			children = (
				EB9BF04B2E5A22660049F1C3 /* VocabWord.swift */,
				EB9BF0512E5A22EA0049F1C3 /* WordTrainerView.swift */,
				EB9BF0532E5A23020049F1C3 /* WordTrainerViewModel.swift */,
			);
			path = Words;
			sourceTree = "<group>";
		};
		EB9BF05E2E5A23F20049F1C3 /* Service */ = {
			isa = PBXGroup;
			children = (
				EB9BF0552E5A23110049F1C3 /* ProgressStore.swift */,
				EB9BF0692E5AE7E20049F1C3 /* OpenAIClient.swift */,
				EB9BF06B2E5AFA170049F1C3 /* DiffHighlighter.swift */,
			);
			path = Service;
			sourceTree = "<group>";
		};
		EB9BF05F2E5A24050049F1C3 /* Resources */ = {
			isa = PBXGroup;
			children = (
				EB9BF0572E5A23430049F1C3 /* Resources: wordset_fr_ja.json */,
			);
			path = Resources;
			sourceTree = "<group>";
		};
/* End PBXGroup section */

/* Begin PBXNativeTarget section */
		EB6472442E5A1136000D19F7 /* FrenchLearning */ = {
			isa = PBXNativeTarget;
			buildConfigurationList = EB6472662E5A1138000D19F7 /* Build configuration list for PBXNativeTarget "FrenchLearning" */;
			buildPhases = (
				EB6472412E5A1136000D19F7 /* Sources */,
				EB6472422E5A1136000D19F7 /* Frameworks */,
				EB6472432E5A1136000D19F7 /* Resources */,
			);
			buildRules = (
			);
			dependencies = (
			);
			name = FrenchLearning;
			packageProductDependencies = (
			);
			productName = FrenchLearning;
			productReference = EB6472452E5A1136000D19F7 /* FrenchLearning.app */;
			productType = "com.apple.product-type.application";
		};
		EB6472512E5A1138000D19F7 /* FrenchLearningTests */ = {
			isa = PBXNativeTarget;
			buildConfigurationList = EB6472692E5A1138000D19F7 /* Build configuration list for PBXNativeTarget "FrenchLearningTests" */;
			buildPhases = (
				EB64724E2E5A1138000D19F7 /* Sources */,
				EB64724F2E5A1138000D19F7 /* Frameworks */,
				EB6472502E5A1138000D19F7 /* Resources */,
			);
			buildRules = (
			);
			dependencies = (
				EB6472542E5A1138000D19F7 /* PBXTargetDependency */,
			);
			fileSystemSynchronizedGroups = (
				EB6472552E5A1138000D19F7 /* FrenchLearningTests */,
			);
			name = FrenchLearningTests;
			packageProductDependencies = (
			);
			productName = FrenchLearningTests;
			productReference = EB6472522E5A1138000D19F7 /* FrenchLearningTests.xctest */;
			productType = "com.apple.product-type.bundle.unit-test";
		};
		EB64725B2E5A1138000D19F7 /* FrenchLearningUITests */ = {
			isa = PBXNativeTarget;
			buildConfigurationList = EB64726C2E5A1138000D19F7 /* Build configuration list for PBXNativeTarget "FrenchLearningUITests" */;
			buildPhases = (
				EB6472582E5A1138000D19F7 /* Sources */,
				EB6472592E5A1138000D19F7 /* Frameworks */,
				EB64725A2E5A1138000D19F7 /* Resources */,
			);
			buildRules = (
			);
			dependencies = (
				EB64725E2E5A1138000D19F7 /* PBXTargetDependency */,
			);
			fileSystemSynchronizedGroups = (
				EB64725F2E5A1138000D19F7 /* FrenchLearningUITests */,
			);
			name = FrenchLearningUITests;
			packageProductDependencies = (
			);
			productName = FrenchLearningUITests;
			productReference = EB64725C2E5A1138000D19F7 /* FrenchLearningUITests.xctest */;
			productType = "com.apple.product-type.bundle.ui-testing";
		};
/* End PBXNativeTarget section */

/* Begin PBXProject section */
		EB64723D2E5A1136000D19F7 /* Project object */ = {
			isa = PBXProject;
			attributes = {
				BuildIndependentTargetsInParallel = 1;
				LastSwiftUpdateCheck = 1640;
				LastUpgradeCheck = 1640;
				TargetAttributes = {
					EB6472442E5A1136000D19F7 = {
						CreatedOnToolsVersion = 16.4;
						LastSwiftMigration = 1640;
					};
					EB6472512E5A1138000D19F7 = {
						CreatedOnToolsVersion = 16.4;
						TestTargetID = EB6472442E5A1136000D19F7;
					};
					EB64725B2E5A1138000D19F7 = {
						CreatedOnToolsVersion = 16.4;
						TestTargetID = EB6472442E5A1136000D19F7;
					};
				};
			};
			buildConfigurationList = EB6472402E5A1136000D19F7 /* Build configuration list for PBXProject "FrenchLearning" */;
			developmentRegion = en;
			hasScannedForEncodings = 0;
			knownRegions = (
				en,
				Base,
			);
			mainGroup = EB64723C2E5A1136000D19F7;
			minimizedProjectReferenceProxies = 1;
			preferredProjectObjectVersion = 77;
			productRefGroup = EB6472462E5A1136000D19F7 /* Products */;
			projectDirPath = "";
			projectRoot = "";
			targets = (
				EB6472442E5A1136000D19F7 /* FrenchLearning */,
				EB6472512E5A1138000D19F7 /* FrenchLearningTests */,
				EB64725B2E5A1138000D19F7 /* FrenchLearningUITests */,
			);
		};
/* End PBXProject section */

/* Begin PBXResourcesBuildPhase section */
		EB6472432E5A1136000D19F7 /* Resources */ = {
			isa = PBXResourcesBuildPhase;
			buildActionMask = 2147483647;
			files = (
				EB64724D2E5A1138000D19F7 /* Assets.xcassets in Resources */,
				EB9BF0582E5A23430049F1C3 /* Resources: wordset_fr_ja.json in Resources */,
			);
			runOnlyForDeploymentPostprocessing = 0;
		};
		EB6472502E5A1138000D19F7 /* Resources */ = {
			isa = PBXResourcesBuildPhase;
			buildActionMask = 2147483647;
			files = (
			);
			runOnlyForDeploymentPostprocessing = 0;
		};
		EB64725A2E5A1138000D19F7 /* Resources */ = {
			isa = PBXResourcesBuildPhase;
			buildActionMask = 2147483647;
			files = (
			);
			runOnlyForDeploymentPostprocessing = 0;
		};
/* End PBXResourcesBuildPhase section */

/* Begin PBXSourcesBuildPhase section */
		EB6472412E5A1136000D19F7 /* Sources */ = {
			isa = PBXSourcesBuildPhase;
			buildActionMask = 2147483647;
			files = (
				EB9BF0542E5A23020049F1C3 /* WordTrainerViewModel.swift in Sources */,
				EB9BF0642E5AE49D0049F1C3 /* ProofreadResult.swift in Sources */,
				EB9BF05B2E5A23990049F1C3 /* FrenchLearningApp.swift in Sources */,
				EB9BF0562E5A23110049F1C3 /* ProgressStore.swift in Sources */,
				EB9BF04C2E5A22660049F1C3 /* VocabWord.swift in Sources */,
				EB9BF0662E5AE4CC0049F1C3 /* ProofreadViewModel.swift in Sources */,
				EB9BF0682E5AE4E90049F1C3 /* ProofreadView.swift in Sources */,
				EB9BF0502E5A22C70049F1C3 /* HomeView.swift in Sources */,
				EB9BF06A2E5AE7E20049F1C3 /* OpenAIClient.swift in Sources */,
				EB9BF06C2E5AFA170049F1C3 /* DiffHighlighter.swift in Sources */,
				EB9BF0482E5A213E0049F1C3 /* ContentView.swift in Sources */,
				EB9BF0522E5A22EA0049F1C3 /* WordTrainerView.swift in Sources */,
				EB9BF0622E5AE45D0049F1C3 /* SettingsView.swift in Sources */,
			);
			runOnlyForDeploymentPostprocessing = 0;
		};
		EB64724E2E5A1138000D19F7 /* Sources */ = {
			isa = PBXSourcesBuildPhase;
			buildActionMask = 2147483647;
			files = (
			);
			runOnlyForDeploymentPostprocessing = 0;
		};
		EB6472582E5A1138000D19F7 /* Sources */ = {
			isa = PBXSourcesBuildPhase;
			buildActionMask = 2147483647;
			files = (
			);
			runOnlyForDeploymentPostprocessing = 0;
		};
/* End PBXSourcesBuildPhase section */

/* Begin PBXTargetDependency section */
		EB6472542E5A1138000D19F7 /* PBXTargetDependency */ = {
			isa = PBXTargetDependency;
			target = EB6472442E5A1136000D19F7 /* FrenchLearning */;
			targetProxy = EB6472532E5A1138000D19F7 /* PBXContainerItemProxy */;
		};
		EB64725E2E5A1138000D19F7 /* PBXTargetDependency */ = {
			isa = PBXTargetDependency;
			target = EB6472442E5A1136000D19F7 /* FrenchLearning */;
			targetProxy = EB64725D2E5A1138000D19F7 /* PBXContainerItemProxy */;
		};
/* End PBXTargetDependency section */

/* Begin XCBuildConfiguration section */
		EB6472642E5A1138000D19F7 /* Debug */ = {
			isa = XCBuildConfiguration;
			buildSettings = {
				ALWAYS_SEARCH_USER_PATHS = NO;
				ASSETCATALOG_COMPILER_GENERATE_SWIFT_ASSET_SYMBOL_EXTENSIONS = YES;
				CLANG_ANALYZER_NONNULL = YES;
				CLANG_ANALYZER_NUMBER_OBJECT_CONVERSION = YES_AGGRESSIVE;
				CLANG_CXX_LANGUAGE_STANDARD = "gnu++20";
				CLANG_ENABLE_MODULES = YES;
				CLANG_ENABLE_OBJC_ARC = YES;
				CLANG_ENABLE_OBJC_WEAK = YES;
				CLANG_WARN_BLOCK_CAPTURE_AUTORELEASING = YES;
				CLANG_WARN_BOOL_CONVERSION = YES;
				CLANG_WARN_COMMA = YES;
				CLANG_WARN_CONSTANT_CONVERSION = YES;
				CLANG_WARN_DEPRECATED_OBJC_IMPLEMENTATIONS = YES;
				CLANG_WARN_DIRECT_OBJC_ISA_USAGE = YES_ERROR;
				CLANG_WARN_DOCUMENTATION_COMMENTS = YES;
				CLANG_WARN_EMPTY_BODY = YES;
				CLANG_WARN_ENUM_CONVERSION = YES;
				CLANG_WARN_INFINITE_RECURSION = YES;
				CLANG_WARN_INT_CONVERSION = YES;
				CLANG_WARN_NON_LITERAL_NULL_CONVERSION = YES;
				CLANG_WARN_OBJC_IMPLICIT_RETAIN_SELF = YES;
				CLANG_WARN_OBJC_LITERAL_CONVERSION = YES;
				CLANG_WARN_OBJC_ROOT_CLASS = YES_ERROR;
				CLANG_WARN_QUOTED_INCLUDE_IN_FRAMEWORK_HEADER = YES;
				CLANG_WARN_RANGE_LOOP_ANALYSIS = YES;
				CLANG_WARN_STRICT_PROTOTYPES = YES;
				CLANG_WARN_SUSPICIOUS_MOVE = YES;
				CLANG_WARN_UNGUARDED_AVAILABILITY = YES_AGGRESSIVE;
				CLANG_WARN_UNREACHABLE_CODE = YES;
				CLANG_WARN__DUPLICATE_METHOD_MATCH = YES;
				COPY_PHASE_STRIP = NO;
				DEBUG_INFORMATION_FORMAT = dwarf;
				DEVELOPMENT_TEAM = 76WX2X9L7G;
				ENABLE_STRICT_OBJC_MSGSEND = YES;
				ENABLE_TESTABILITY = YES;
				ENABLE_USER_SCRIPT_SANDBOXING = YES;
				GCC_C_LANGUAGE_STANDARD = gnu17;
				GCC_DYNAMIC_NO_PIC = NO;
				GCC_NO_COMMON_BLOCKS = YES;
				GCC_OPTIMIZATION_LEVEL = 0;
				GCC_PREPROCESSOR_DEFINITIONS = (
					"DEBUG=1",
					"$(inherited)",
				);
				GCC_WARN_64_TO_32_BIT_CONVERSION = YES;
				GCC_WARN_ABOUT_RETURN_TYPE = YES_ERROR;
				GCC_WARN_UNDECLARED_SELECTOR = YES;
				GCC_WARN_UNINITIALIZED_AUTOS = YES_AGGRESSIVE;
				GCC_WARN_UNUSED_FUNCTION = YES;
				GCC_WARN_UNUSED_VARIABLE = YES;
				IPHONEOS_DEPLOYMENT_TARGET = 18.5;
				LOCALIZATION_PREFERS_STRING_CATALOGS = YES;
				MTL_ENABLE_DEBUG_INFO = INCLUDE_SOURCE;
				MTL_FAST_MATH = YES;
				ONLY_ACTIVE_ARCH = YES;
				SDKROOT = iphoneos;
				SWIFT_ACTIVE_COMPILATION_CONDITIONS = "DEBUG $(inherited)";
				SWIFT_OPTIMIZATION_LEVEL = "-Onone";
			};
			name = Debug;
		};
		EB6472652E5A1138000D19F7 /* Release */ = {
			isa = XCBuildConfiguration;
			buildSettings = {
				ALWAYS_SEARCH_USER_PATHS = NO;
				ASSETCATALOG_COMPILER_GENERATE_SWIFT_ASSET_SYMBOL_EXTENSIONS = YES;
				CLANG_ANALYZER_NONNULL = YES;
				CLANG_ANALYZER_NUMBER_OBJECT_CONVERSION = YES_AGGRESSIVE;
				CLANG_CXX_LANGUAGE_STANDARD = "gnu++20";
				CLANG_ENABLE_MODULES = YES;
				CLANG_ENABLE_OBJC_ARC = YES;
				CLANG_ENABLE_OBJC_WEAK = YES;
				CLANG_WARN_BLOCK_CAPTURE_AUTORELEASING = YES;
				CLANG_WARN_BOOL_CONVERSION = YES;
				CLANG_WARN_COMMA = YES;
				CLANG_WARN_CONSTANT_CONVERSION = YES;
				CLANG_WARN_DEPRECATED_OBJC_IMPLEMENTATIONS = YES;
				CLANG_WARN_DIRECT_OBJC_ISA_USAGE = YES_ERROR;
				CLANG_WARN_DOCUMENTATION_COMMENTS = YES;
				CLANG_WARN_EMPTY_BODY = YES;
				CLANG_WARN_ENUM_CONVERSION = YES;
				CLANG_WARN_INFINITE_RECURSION = YES;
				CLANG_WARN_INT_CONVERSION = YES;
				CLANG_WARN_NON_LITERAL_NULL_CONVERSION = YES;
				CLANG_WARN_OBJC_IMPLICIT_RETAIN_SELF = YES;
				CLANG_WARN_OBJC_LITERAL_CONVERSION = YES;
				CLANG_WARN_OBJC_ROOT_CLASS = YES_ERROR;
				CLANG_WARN_QUOTED_INCLUDE_IN_FRAMEWORK_HEADER = YES;
				CLANG_WARN_RANGE_LOOP_ANALYSIS = YES;
				CLANG_WARN_STRICT_PROTOTYPES = YES;
				CLANG_WARN_SUSPICIOUS_MOVE = YES;
				CLANG_WARN_UNGUARDED_AVAILABILITY = YES_AGGRESSIVE;
				CLANG_WARN_UNREACHABLE_CODE = YES;
				CLANG_WARN__DUPLICATE_METHOD_MATCH = YES;
				COPY_PHASE_STRIP = NO;
				DEBUG_INFORMATION_FORMAT = "dwarf-with-dsym";
				DEVELOPMENT_TEAM = 76WX2X9L7G;
				ENABLE_NS_ASSERTIONS = NO;
				ENABLE_STRICT_OBJC_MSGSEND = YES;
				ENABLE_USER_SCRIPT_SANDBOXING = YES;
				GCC_C_LANGUAGE_STANDARD = gnu17;
				GCC_NO_COMMON_BLOCKS = YES;
				GCC_WARN_64_TO_32_BIT_CONVERSION = YES;
				GCC_WARN_ABOUT_RETURN_TYPE = YES_ERROR;
				GCC_WARN_UNDECLARED_SELECTOR = YES;
				GCC_WARN_UNINITIALIZED_AUTOS = YES_AGGRESSIVE;
				GCC_WARN_UNUSED_FUNCTION = YES;
				GCC_WARN_UNUSED_VARIABLE = YES;
				IPHONEOS_DEPLOYMENT_TARGET = 18.5;
				LOCALIZATION_PREFERS_STRING_CATALOGS = YES;
				MTL_ENABLE_DEBUG_INFO = NO;
				MTL_FAST_MATH = YES;
				SDKROOT = iphoneos;
				SWIFT_COMPILATION_MODE = wholemodule;
				VALIDATE_PRODUCT = YES;
			};
			name = Release;
		};
		EB6472672E5A1138000D19F7 /* Debug */ = {
			isa = XCBuildConfiguration;
			buildSettings = {
				ASSETCATALOG_COMPILER_APPICON_NAME = AppIcon;
				ASSETCATALOG_COMPILER_GLOBAL_ACCENT_COLOR_NAME = AccentColor;
				CLANG_ENABLE_MODULES = YES;
				CODE_SIGN_STYLE = Automatic;
				CURRENT_PROJECT_VERSION = 1;
				DEVELOPMENT_TEAM = 76WX2X9L7G;
				ENABLE_PREVIEWS = YES;
				GENERATE_INFOPLIST_FILE = YES;
				INFOPLIST_KEY_UIApplicationSceneManifest_Generation = YES;
				INFOPLIST_KEY_UIApplicationSupportsIndirectInputEvents = YES;
				INFOPLIST_KEY_UILaunchScreen_Generation = YES;
				INFOPLIST_KEY_UISupportedInterfaceOrientations_iPad = "UIInterfaceOrientationPortrait UIInterfaceOrientationPortraitUpsideDown UIInterfaceOrientationLandscapeLeft UIInterfaceOrientationLandscapeRight";
				INFOPLIST_KEY_UISupportedInterfaceOrientations_iPhone = "UIInterfaceOrientationPortrait UIInterfaceOrientationLandscapeLeft UIInterfaceOrientationLandscapeRight";
				LD_RUNPATH_SEARCH_PATHS = (
					"$(inherited)",
					"@executable_path/Frameworks",
				);
				MARKETING_VERSION = 1.0;
				PRODUCT_BUNDLE_IDENTIFIER = com.masato.FrenchLearning;
				PRODUCT_NAME = "$(TARGET_NAME)";
				SWIFT_EMIT_LOC_STRINGS = YES;
				SWIFT_OBJC_BRIDGING_HEADER = "FrenchLearning-Bridging-Header.h";
				SWIFT_OPTIMIZATION_LEVEL = "-Onone";
				SWIFT_VERSION = 5.0;
				TARGETED_DEVICE_FAMILY = "1,2";
			};
			name = Debug;
		};
		EB6472682E5A1138000D19F7 /* Release */ = {
			isa = XCBuildConfiguration;
			buildSettings = {
				ASSETCATALOG_COMPILER_APPICON_NAME = AppIcon;
				ASSETCATALOG_COMPILER_GLOBAL_ACCENT_COLOR_NAME = AccentColor;
				CLANG_ENABLE_MODULES = YES;
				CODE_SIGN_STYLE = Automatic;
				CURRENT_PROJECT_VERSION = 1;
				DEVELOPMENT_TEAM = 76WX2X9L7G;
				ENABLE_PREVIEWS = YES;
				GENERATE_INFOPLIST_FILE = YES;
				INFOPLIST_KEY_UIApplicationSceneManifest_Generation = YES;
				INFOPLIST_KEY_UIApplicationSupportsIndirectInputEvents = YES;
				INFOPLIST_KEY_UILaunchScreen_Generation = YES;
				INFOPLIST_KEY_UISupportedInterfaceOrientations_iPad = "UIInterfaceOrientationPortrait UIInterfaceOrientationPortraitUpsideDown UIInterfaceOrientationLandscapeLeft UIInterfaceOrientationLandscapeRight";
				INFOPLIST_KEY_UISupportedInterfaceOrientations_iPhone = "UIInterfaceOrientationPortrait UIInterfaceOrientationLandscapeLeft UIInterfaceOrientationLandscapeRight";
				LD_RUNPATH_SEARCH_PATHS = (
					"$(inherited)",
					"@executable_path/Frameworks",
				);
				MARKETING_VERSION = 1.0;
				PRODUCT_BUNDLE_IDENTIFIER = com.masato.FrenchLearning;
				PRODUCT_NAME = "$(TARGET_NAME)";
				SWIFT_EMIT_LOC_STRINGS = YES;
				SWIFT_OBJC_BRIDGING_HEADER = "FrenchLearning-Bridging-Header.h";
				SWIFT_VERSION = 5.0;
				TARGETED_DEVICE_FAMILY = "1,2";
			};
			name = Release;
		};
		EB64726A2E5A1138000D19F7 /* Debug */ = {
			isa = XCBuildConfiguration;
			buildSettings = {
				BUNDLE_LOADER = "$(TEST_HOST)";
				CODE_SIGN_STYLE = Automatic;
				CURRENT_PROJECT_VERSION = 1;
				DEVELOPMENT_TEAM = 76WX2X9L7G;
				GENERATE_INFOPLIST_FILE = YES;
				IPHONEOS_DEPLOYMENT_TARGET = 18.5;
				MARKETING_VERSION = 1.0;
				PRODUCT_BUNDLE_IDENTIFIER = com.masato.FrenchLearningTests;
				PRODUCT_NAME = "$(TARGET_NAME)";
				SWIFT_EMIT_LOC_STRINGS = NO;
				SWIFT_VERSION = 5.0;
				TARGETED_DEVICE_FAMILY = "1,2";
				TEST_HOST = "$(BUILT_PRODUCTS_DIR)/FrenchLearning.app/$(BUNDLE_EXECUTABLE_FOLDER_PATH)/FrenchLearning";
			};
			name = Debug;
		};
		EB64726B2E5A1138000D19F7 /* Release */ = {
			isa = XCBuildConfiguration;
			buildSettings = {
				BUNDLE_LOADER = "$(TEST_HOST)";
				CODE_SIGN_STYLE = Automatic;
				CURRENT_PROJECT_VERSION = 1;
				DEVELOPMENT_TEAM = 76WX2X9L7G;
				GENERATE_INFOPLIST_FILE = YES;
				IPHONEOS_DEPLOYMENT_TARGET = 18.5;
				MARKETING_VERSION = 1.0;
				PRODUCT_BUNDLE_IDENTIFIER = com.masato.FrenchLearningTests;
				PRODUCT_NAME = "$(TARGET_NAME)";
				SWIFT_EMIT_LOC_STRINGS = NO;
				SWIFT_VERSION = 5.0;
				TARGETED_DEVICE_FAMILY = "1,2";
				TEST_HOST = "$(BUILT_PRODUCTS_DIR)/FrenchLearning.app/$(BUNDLE_EXECUTABLE_FOLDER_PATH)/FrenchLearning";
			};
			name = Release;
		};
		EB64726D2E5A1138000D19F7 /* Debug */ = {
			isa = XCBuildConfiguration;
			buildSettings = {
				CODE_SIGN_STYLE = Automatic;
				CURRENT_PROJECT_VERSION = 1;
				DEVELOPMENT_TEAM = 76WX2X9L7G;
				GENERATE_INFOPLIST_FILE = YES;
				MARKETING_VERSION = 1.0;
				PRODUCT_BUNDLE_IDENTIFIER = com.masato.FrenchLearningUITests;
				PRODUCT_NAME = "$(TARGET_NAME)";
				SWIFT_EMIT_LOC_STRINGS = NO;
				SWIFT_VERSION = 5.0;
				TARGETED_DEVICE_FAMILY = "1,2";
				TEST_TARGET_NAME = FrenchLearning;
			};
			name = Debug;
		};
		EB64726E2E5A1138000D19F7 /* Release */ = {
			isa = XCBuildConfiguration;
			buildSettings = {
				CODE_SIGN_STYLE = Automatic;
				CURRENT_PROJECT_VERSION = 1;
				DEVELOPMENT_TEAM = 76WX2X9L7G;
				GENERATE_INFOPLIST_FILE = YES;
				MARKETING_VERSION = 1.0;
				PRODUCT_BUNDLE_IDENTIFIER = com.masato.FrenchLearningUITests;
				PRODUCT_NAME = "$(TARGET_NAME)";
				SWIFT_EMIT_LOC_STRINGS = NO;
				SWIFT_VERSION = 5.0;
				TARGETED_DEVICE_FAMILY = "1,2";
				TEST_TARGET_NAME = FrenchLearning;
			};
			name = Release;
		};
/* End XCBuildConfiguration section */

/* Begin XCConfigurationList section */
		EB6472402E5A1136000D19F7 /* Build configuration list for PBXProject "FrenchLearning" */ = {
			isa = XCConfigurationList;
			buildConfigurations = (
				EB6472642E5A1138000D19F7 /* Debug */,
				EB6472652E5A1138000D19F7 /* Release */,
			);
			defaultConfigurationIsVisible = 0;
			defaultConfigurationName = Release;
		};
		EB6472662E5A1138000D19F7 /* Build configuration list for PBXNativeTarget "FrenchLearning" */ = {
			isa = XCConfigurationList;
			buildConfigurations = (
				EB6472672E5A1138000D19F7 /* Debug */,
				EB6472682E5A1138000D19F7 /* Release */,
			);
			defaultConfigurationIsVisible = 0;
			defaultConfigurationName = Release;
		};
		EB6472692E5A1138000D19F7 /* Build configuration list for PBXNativeTarget "FrenchLearningTests" */ = {
			isa = XCConfigurationList;
			buildConfigurations = (
				EB64726A2E5A1138000D19F7 /* Debug */,
				EB64726B2E5A1138000D19F7 /* Release */,
			);
			defaultConfigurationIsVisible = 0;
			defaultConfigurationName = Release;
		};
		EB64726C2E5A1138000D19F7 /* Build configuration list for PBXNativeTarget "FrenchLearningUITests" */ = {
			isa = XCConfigurationList;
			buildConfigurations = (
				EB64726D2E5A1138000D19F7 /* Debug */,
				EB64726E2E5A1138000D19F7 /* Release */,
			);
			defaultConfigurationIsVisible = 0;
			defaultConfigurationName = Release;
		};
/* End XCConfigurationList section */
	};
	rootObject = EB64723D2E5A1136000D19F7 /* Project object */;
}
